
Microsoft Visual Studio Solution File, Format Version 12.00
# Visual Studio Version 16
VisualStudioVersion = 16.0.31005.135
MinimumVisualStudioVersion = 10.0.40219.1
Project("{9A19103F-16F7-4668-BE54-9A1E7A4F7556}") = "01Task", "01Task\01Task.csproj", "{92559E69-F6CB-46B7-B608-9F9AC569C187}"
EndProject
Project("{9A19103F-16F7-4668-BE54-9A1E7A4F7556}") = "02Task", "02Task\02Task.csproj", "{7D5AE344-7D8B-4CD1-A7C0-BFE7E355EC64}"
EndProject
Project("{9A19103F-16F7-4668-BE54-9A1E7A4F7556}") = "03Task", "03Task\03Task.csproj", "{50DA5501-B101-49D0-92AD-A2B0DF4B82BE}"
EndProject
Project("{9A19103F-16F7-4668-BE54-9A1E7A4F7556}") = "04Task", "04Task\04Task.csproj", "{9B480B66-FAD8-4FA2-BAE7-4FC0D2852440}"
EndProject
Project("{9A19103F-16F7-4668-BE54-9A1E7A4F7556}") = "05Task", "05Task\05Task.csproj", "{3F06A20C-8EC9-4BBB-9C32-892B2FD05435}"
EndProject
Project("{9A19103F-16F7-4668-BE54-9A1E7A4F7556}") = "06Task", "06Task\06Task.csproj", "{92F64AFE-3A75-4D44-BD19-201E55A6825F}"
EndProject
Project("{9A19103F-16F7-4668-BE54-9A1E7A4F7556}") = "07Task", "07Task\07Task.csproj", "{AF2C1FEE-C7C7-4339-8B1D-D5DCAB296F95}"
EndProject
Project("{9A19103F-16F7-4668-BE54-9A1E7A4F7556}") = "10Task", "10Task\10Task.csproj", "{F5BA51F6-97F1-439D-9617-1B474E51BC05}"
EndProject
Project("{9A19103F-16F7-4668-BE54-9A1E7A4F7556}") = "11Task", "11Task\11Task.csproj", "{E3D9B7C7-444E-4A82-88AE-4A66933F7E30}"
EndProject
Project("{9A19103F-16F7-4668-BE54-9A1E7A4F7556}") = "12Task", "12Task\12Task.csproj", "{00147E33-9FC6-4799-894B-4EEFE0975D9F}"
EndProject
Project("{9A19103F-16F7-4668-BE54-9A1E7A4F7556}") = "13Task", "13Task\13Task.csproj", "{2A822759-1D69-4D3B-B7E7-D52C663DB091}"
EndProject
Project("{9A19103F-16F7-4668-BE54-9A1E7A4F7556}") = "14Task", "14Task\14Task.csproj", "{3A41FCE7-F25D-40B1-B9D9-93F4CD387A99}"
EndProject
Project("{9A19103F-16F7-4668-BE54-9A1E7A4F7556}") = "15Task", "15Task\15Task.csproj", "{C8D4BABF-339E-4CF4-8410-7B8217F7D96E}"
EndProject
Project("{FAE04EC0-301F-11D3-BF4B-00C04F79EFBC}") = "16Task", "16Task\16Task.csproj", "{C35A9080-E7FB-498E-A57B-E66A4D36E6A1}"
EndProject
Global
	GlobalSection(SolutionConfigurationPlatforms) = preSolution
		Debug|Any CPU = Debug|Any CPU
		Release|Any CPU = Release|Any CPU
	EndGlobalSection
	GlobalSection(ProjectConfigurationPlatforms) = postSolution
		{92559E69-F6CB-46B7-B608-9F9AC569C187}.Debug|Any CPU.ActiveCfg = Debug|Any CPU
		{92559E69-F6CB-46B7-B608-9F9AC569C187}.Debug|Any CPU.Build.0 = Debug|Any CPU
		{92559E69-F6CB-46B7-B608-9F9AC569C187}.Release|Any CPU.ActiveCfg = Release|Any CPU
		{92559E69-F6CB-46B7-B608-9F9AC569C187}.Release|Any CPU.Build.0 = Release|Any CPU
		{7D5AE344-7D8B-4CD1-A7C0-BFE7E355EC64}.Debug|Any CPU.ActiveCfg = Debug|Any CPU
		{7D5AE344-7D8B-4CD1-A7C0-BFE7E355EC64}.Debug|Any CPU.Build.0 = Debug|Any CPU
		{7D5AE344-7D8B-4CD1-A7C0-BFE7E355EC64}.Release|Any CPU.ActiveCfg = Release|Any CPU
		{7D5AE344-7D8B-4CD1-A7C0-BFE7E355EC64}.Release|Any CPU.Build.0 = Release|Any CPU
		{50DA5501-B101-49D0-92AD-A2B0DF4B82BE}.Debug|Any CPU.ActiveCfg = Debug|Any CPU
		{50DA5501-B101-49D0-92AD-A2B0DF4B82BE}.Debug|Any CPU.Build.0 = Debug|Any CPU
		{50DA5501-B101-49D0-92AD-A2B0DF4B82BE}.Release|Any CPU.ActiveCfg = Release|Any CPU
		{50DA5501-B101-49D0-92AD-A2B0DF4B82BE}.Release|Any CPU.Build.0 = Release|Any CPU
		{9B480B66-FAD8-4FA2-BAE7-4FC0D2852440}.Debug|Any CPU.ActiveCfg = Debug|Any CPU
		{9B480B66-FAD8-4FA2-BAE7-4FC0D2852440}.Debug|Any CPU.Build.0 = Debug|Any CPU
		{9B480B66-FAD8-4FA2-BAE7-4FC0D2852440}.Release|Any CPU.ActiveCfg = Release|Any CPU
		{9B480B66-FAD8-4FA2-BAE7-4FC0D2852440}.Release|Any CPU.Build.0 = Release|Any CPU
		{3F06A20C-8EC9-4BBB-9C32-892B2FD05435}.Debug|Any CPU.ActiveCfg = Debug|Any CPU
		{3F06A20C-8EC9-4BBB-9C32-892B2FD05435}.Debug|Any CPU.Build.0 = Debug|Any CPU
		{3F06A20C-8EC9-4BBB-9C32-892B2FD05435}.Release|Any CPU.ActiveCfg = Release|Any CPU
		{3F06A20C-8EC9-4BBB-9C32-892B2FD05435}.Release|Any CPU.Build.0 = Release|Any CPU
		{92F64AFE-3A75-4D44-BD19-201E55A6825F}.Debug|Any CPU.ActiveCfg = Debug|Any CPU
		{92F64AFE-3A75-4D44-BD19-201E55A6825F}.Debug|Any CPU.Build.0 = Debug|Any CPU
		{92F64AFE-3A75-4D44-BD19-201E55A6825F}.Release|Any CPU.ActiveCfg = Release|Any CPU
		{92F64AFE-3A75-4D44-BD19-201E55A6825F}.Release|Any CPU.Build.0 = Release|Any CPU
		{AF2C1FEE-C7C7-4339-8B1D-D5DCAB296F95}.Debug|Any CPU.ActiveCfg = Debug|Any CPU
		{AF2C1FEE-C7C7-4339-8B1D-D5DCAB296F95}.Debug|Any CPU.Build.0 = Debug|Any CPU
		{AF2C1FEE-C7C7-4339-8B1D-D5DCAB296F95}.Release|Any CPU.ActiveCfg = Release|Any CPU
		{AF2C1FEE-C7C7-4339-8B1D-D5DCAB296F95}.Release|Any CPU.Build.0 = Release|Any CPU
		{F5BA51F6-97F1-439D-9617-1B474E51BC05}.Debug|Any CPU.ActiveCfg = Debug|Any CPU
		{F5BA51F6-97F1-439D-9617-1B474E51BC05}.Debug|Any CPU.Build.0 = Debug|Any CPU
		{F5BA51F6-97F1-439D-9617-1B474E51BC05}.Release|Any CPU.ActiveCfg = Release|Any CPU
		{F5BA51F6-97F1-439D-9617-1B474E51BC05}.Release|Any CPU.Build.0 = Release|Any CPU
		{E3D9B7C7-444E-4A82-88AE-4A66933F7E30}.Debug|Any CPU.ActiveCfg = Debug|Any CPU
		{E3D9B7C7-444E-4A82-88AE-4A66933F7E30}.Debug|Any CPU.Build.0 = Debug|Any CPU
		{E3D9B7C7-444E-4A82-88AE-4A66933F7E30}.Release|Any CPU.ActiveCfg = Release|Any CPU
		{E3D9B7C7-444E-4A82-88AE-4A66933F7E30}.Release|Any CPU.Build.0 = Release|Any CPU
		{00147E33-9FC6-4799-894B-4EEFE0975D9F}.Debug|Any CPU.ActiveCfg = Debug|Any CPU
		{00147E33-9FC6-4799-894B-4EEFE0975D9F}.Debug|Any CPU.Build.0 = Debug|Any CPU
		{00147E33-9FC6-4799-894B-4EEFE0975D9F}.Release|Any CPU.ActiveCfg = Release|Any CPU
		{00147E33-9FC6-4799-894B-4EEFE0975D9F}.Release|Any CPU.Build.0 = Release|Any CPU
		{2A822759-1D69-4D3B-B7E7-D52C663DB091}.Debug|Any CPU.ActiveCfg = Debug|Any CPU
		{2A822759-1D69-4D3B-B7E7-D52C663DB091}.Debug|Any CPU.Build.0 = Debug|Any CPU
		{2A822759-1D69-4D3B-B7E7-D52C663DB091}.Release|Any CPU.ActiveCfg = Release|Any CPU
		{2A822759-1D69-4D3B-B7E7-D52C663DB091}.Release|Any CPU.Build.0 = Release|Any CPU
		{3A41FCE7-F25D-40B1-B9D9-93F4CD387A99}.Debug|Any CPU.ActiveCfg = Debug|Any CPU
		{3A41FCE7-F25D-40B1-B9D9-93F4CD387A99}.Debug|Any CPU.Build.0 = Debug|Any CPU
		{3A41FCE7-F25D-40B1-B9D9-93F4CD387A99}.Release|Any CPU.ActiveCfg = Release|Any CPU
		{3A41FCE7-F25D-40B1-B9D9-93F4CD387A99}.Release|Any CPU.Build.0 = Release|Any CPU
		{C8D4BABF-339E-4CF4-8410-7B8217F7D96E}.Debug|Any CPU.ActiveCfg = Debug|Any CPU
		{C8D4BABF-339E-4CF4-8410-7B8217F7D96E}.Debug|Any CPU.Build.0 = Debug|Any CPU
		{C8D4BABF-339E-4CF4-8410-7B8217F7D96E}.Release|Any CPU.ActiveCfg = Release|Any CPU
		{C8D4BABF-339E-4CF4-8410-7B8217F7D96E}.Release|Any CPU.Build.0 = Release|Any CPU
		{C35A9080-E7FB-498E-A57B-E66A4D36E6A1}.Debug|Any CPU.ActiveCfg = Debug|Any CPU
		{C35A9080-E7FB-498E-A57B-E66A4D36E6A1}.Debug|Any CPU.Build.0 = Debug|Any CPU
		{C35A9080-E7FB-498E-A57B-E66A4D36E6A1}.Release|Any CPU.ActiveCfg = Release|Any CPU
		{C35A9080-E7FB-498E-A57B-E66A4D36E6A1}.Release|Any CPU.Build.0 = Release|Any CPU
	EndGlobalSection
	GlobalSection(SolutionProperties) = preSolution
		HideSolutionNode = FALSE
	EndGlobalSection
	GlobalSection(ExtensibilityGlobals) = postSolution
		SolutionGuid = {94863A78-B6BB-4E3A-9D40-5C28B60D867C}
	EndGlobalSection
EndGlobal
